{
  "object": {
    "pins": [
      {
        "package": "Cache",
        "repositoryURL": "https://github.com/adamayoung/Cache.git",
        "state": {
          "branch": null,
          "revision": "29112d44be33399117c5b28f51637008131ce0b9",
          "version": "1.0.0"
        }
      },
      {
        "package": "GiphyKit",
        "repositoryURL": "https://github.com/adamayoung/GiphyKit.git",
        "state": {
          "branch": null,
          "revision": "7fe264c2bf07f8e0fb8adc71048164c1fa15bf47",
          "version": "1.0.0"
        }
      },
      {
        "package": "ImageIOSwift",
        "repositoryURL": "https://github.com/davbeck/ImageIOSwift.git",
        "state": {
          "branch": null,
          "revision": "e05560029410032a798464a893bea6aabd21fefa",
          "version": "1.2.0"
        }
      }
    ]
  },
  "version": 1
}
